
Microsoft Visual Studio Solution File, Format Version 12.00
# Visual Studio Version 17
VisualStudioVersion = 17.5.002.0
MinimumVisualStudioVersion = 10.0.40219.1
Project("{9A19103F-16F7-4668-BE54-9A1E7A4F7556}") = "TwoSum", "TwoSum.csproj", "{7CEC3FD7-33BE-4F0C-AF5A-3B5EC02D5A4E}"
EndProject
Global
	GlobalSection(SolutionConfigurationPlatforms) = preSolution
		Debug|Any CPU = Debug|Any CPU
		Release|Any CPU = Release|Any CPU
	EndGlobalSection
	GlobalSection(ProjectConfigurationPlatforms) = postSolution
		{7CEC3FD7-33BE-4F0C-AF5A-3B5EC02D5A4E}.Debug|Any CPU.ActiveCfg = Debug|Any CPU
		{7CEC3FD7-33BE-4F0C-AF5A-3B5EC02D5A4E}.Debug|Any CPU.Build.0 = Debug|Any CPU
		{7CEC3FD7-33BE-4F0C-AF5A-3B5EC02D5A4E}.Release|Any CPU.ActiveCfg = Release|Any CPU
		{7CEC3FD7-33BE-4F0C-AF5A-3B5EC02D5A4E}.Release|Any CPU.Build.0 = Release|Any CPU
	EndGlobalSection
	GlobalSection(SolutionProperties) = preSolution
		HideSolutionNode = FALSE
	EndGlobalSection
	GlobalSection(ExtensibilityGlobals) = postSolution
		SolutionGuid = {F12DF3EB-1ADF-4442-87D0-BFFB9671EA93}
	EndGlobalSection
EndGlobal
